<?xml version="1.0" encoding="utf-8"?>
<Project ToolsVersion="4.0" xmlns="http://schemas.microsoft.com/developer/msbuild/2003">
  <ItemGroup>
    <ClInclude Include="..\..\source\RenderAPI.h" />
    <ClInclude Include="..\..\source\Unity\IUnityGraphics.h">
      <Filter>Unity</Filter>
    </ClInclude>
    <ClInclude Include="..\..\source\Unity\IUnityInterface.h">
      <Filter>Unity</Filter>
    </ClInclude>
    <ClInclude Include="..\..\source\Optix\RayTracing_Optix7.h">
      <Filter>Optix</Filter>
    </ClInclude>
    <ClInclude Include="..\..\source\Optix\Exception.h">
      <Filter>Optix</Filter>
    </ClInclude>
  </ItemGroup>
  <ItemGroup>
    <ClCompile Include="..\..\source\RenderAPI.cpp" />
    <ClCompile Include="..\..\source\RenderAPI_OpenGLCoreES.cpp" />
    <ClCompile Include="..\..\source\RenderingPlugin.cpp" />
  </ItemGroup>
  <ItemGroup>
    <Filter Include="Unity">
      <UniqueIdentifier>{c01468d4-90d4-4d19-9a9b-ee2f1b5e9083}</UniqueIdentifier>
    </Filter>
    <Filter Include="Optix">
      <UniqueIdentifier>{45d61de2-c8d2-46cc-bed1-0a84a08be49b}</UniqueIdentifier>
    </Filter>
    <Filter Include="Optix\Cuda">
      <UniqueIdentifier>{a26d5828-8829-4fea-a0e4-8aa46e2ce55b}</UniqueIdentifier>
    </Filter>
  </ItemGroup>
  <ItemGroup>
    <None Include="..\..\source\RenderingPlugin.def" />
  </ItemGroup>
  <ItemGroup>
    <CustomBuild Include="..\..\source\Optix\draw_solid_color.cu">
      <Filter>Optix\Cuda</Filter>
    </CustomBuild>
  </ItemGroup>
</Project>